
Microsoft Visual Studio Solution File, Format Version 12.00
# Visual Studio Version 16
VisualStudioVersion = 16.0.29503.13
MinimumVisualStudioVersion = 10.0.40219.1
Project("{FAE04EC0-301F-11D3-BF4B-00C04F79EFBC}") = "CSharpProgram", "CSharpProgram\CSharpProgram.csproj", "{F85F3C6D-2360-45C5-A163-E2EFD2B9E633}"
EndProject
Project("{FAE04EC0-301F-11D3-BF4B-00C04F79EFBC}") = "DataStructureLib", "DataStructureLib\DataStructureLib.csproj", "{5A8E4984-A86A-4448-8F84-A0772DE55352}"
EndProject
Project("{FAE04EC0-301F-11D3-BF4B-00C04F79EFBC}") = "OddBallProjects", "OddBallProjects\OddBallProjects.csproj", "{4F4BC8AD-A5D2-4553-AC85-92737EB6B77C}"
EndProject
Project("{FAE04EC0-301F-11D3-BF4B-00C04F79EFBC}") = "DesignPatterns", "DesignPatterns\DesignPatterns.csproj", "{F452DDFE-D63A-4E12-A883-5CCF39B33148}"
EndProject
Project("{FAE04EC0-301F-11D3-BF4B-00C04F79EFBC}") = "SherNingMultiChartsLib", "SherNingMultiChartsLib\SherNingMultiChartsLib.csproj", "{AC72BE78-7B62-4401-934C-0CD69DE0C0B8}"
EndProject
Global
	GlobalSection(SolutionConfigurationPlatforms) = preSolution
		Debug|Any CPU = Debug|Any CPU
		Release|Any CPU = Release|Any CPU
	EndGlobalSection
	GlobalSection(ProjectConfigurationPlatforms) = postSolution
		{F85F3C6D-2360-45C5-A163-E2EFD2B9E633}.Debug|Any CPU.ActiveCfg = Debug|Any CPU
		{F85F3C6D-2360-45C5-A163-E2EFD2B9E633}.Debug|Any CPU.Build.0 = Debug|Any CPU
		{F85F3C6D-2360-45C5-A163-E2EFD2B9E633}.Release|Any CPU.ActiveCfg = Release|Any CPU
		{F85F3C6D-2360-45C5-A163-E2EFD2B9E633}.Release|Any CPU.Build.0 = Release|Any CPU
		{5A8E4984-A86A-4448-8F84-A0772DE55352}.Debug|Any CPU.ActiveCfg = Debug|Any CPU
		{5A8E4984-A86A-4448-8F84-A0772DE55352}.Debug|Any CPU.Build.0 = Debug|Any CPU
		{5A8E4984-A86A-4448-8F84-A0772DE55352}.Release|Any CPU.ActiveCfg = Release|Any CPU
		{5A8E4984-A86A-4448-8F84-A0772DE55352}.Release|Any CPU.Build.0 = Release|Any CPU
		{4F4BC8AD-A5D2-4553-AC85-92737EB6B77C}.Debug|Any CPU.ActiveCfg = Debug|Any CPU
		{4F4BC8AD-A5D2-4553-AC85-92737EB6B77C}.Debug|Any CPU.Build.0 = Debug|Any CPU
		{4F4BC8AD-A5D2-4553-AC85-92737EB6B77C}.Release|Any CPU.ActiveCfg = Release|Any CPU
		{4F4BC8AD-A5D2-4553-AC85-92737EB6B77C}.Release|Any CPU.Build.0 = Release|Any CPU
		{F452DDFE-D63A-4E12-A883-5CCF39B33148}.Debug|Any CPU.ActiveCfg = Debug|Any CPU
		{F452DDFE-D63A-4E12-A883-5CCF39B33148}.Debug|Any CPU.Build.0 = Debug|Any CPU
		{F452DDFE-D63A-4E12-A883-5CCF39B33148}.Release|Any CPU.ActiveCfg = Release|Any CPU
		{F452DDFE-D63A-4E12-A883-5CCF39B33148}.Release|Any CPU.Build.0 = Release|Any CPU
		{AC72BE78-7B62-4401-934C-0CD69DE0C0B8}.Debug|Any CPU.ActiveCfg = Debug|Any CPU
		{AC72BE78-7B62-4401-934C-0CD69DE0C0B8}.Debug|Any CPU.Build.0 = Debug|Any CPU
		{AC72BE78-7B62-4401-934C-0CD69DE0C0B8}.Release|Any CPU.ActiveCfg = Release|Any CPU
		{AC72BE78-7B62-4401-934C-0CD69DE0C0B8}.Release|Any CPU.Build.0 = Release|Any CPU
	EndGlobalSection
	GlobalSection(SolutionProperties) = preSolution
		HideSolutionNode = FALSE
	EndGlobalSection
	GlobalSection(ExtensibilityGlobals) = postSolution
		SolutionGuid = {A6FDDFC6-1522-4E24-A43D-8F846DA25A48}
	EndGlobalSection
EndGlobal
